// !$*UTF8*$!
{
	archiveVersion = 1;
	classes = {
	};
	objectVersion = 51;
	objects = {

/* Begin PBXBuildFile section */
		62ACD319FF2B159B8D349D42 /* Pods_Todoey.framework in Frameworks */ = {isa = PBXBuildFile; fileRef = 2FA5CF1E95C0DBF01B047D16 /* Pods_Todoey.framework */; };
		9CF7204824BD514200C7313B /* AppDelegate.swift in Sources */ = {isa = PBXBuildFile; fileRef = 9CF7204724BD514200C7313B /* AppDelegate.swift */; };
		9CF7204A24BD514200C7313B /* SceneDelegate.swift in Sources */ = {isa = PBXBuildFile; fileRef = 9CF7204924BD514200C7313B /* SceneDelegate.swift */; };
		9CF7204F24BD514300C7313B /* Main.storyboard in Resources */ = {isa = PBXBuildFile; fileRef = 9CF7204D24BD514300C7313B /* Main.storyboard */; };
		9CF7205124BD514700C7313B /* Assets.xcassets in Resources */ = {isa = PBXBuildFile; fileRef = 9CF7205024BD514700C7313B /* Assets.xcassets */; };
		9CF7205424BD514700C7313B /* LaunchScreen.storyboard in Resources */ = {isa = PBXBuildFile; fileRef = 9CF7205224BD514700C7313B /* LaunchScreen.storyboard */; };
		9CF7205C24BD56A400C7313B /* TodoListViewController.swift in Sources */ = {isa = PBXBuildFile; fileRef = 9CF7205B24BD56A400C7313B /* TodoListViewController.swift */; };
		9CF7208924BDA1C800C7313B /* CategoryViewController.swift in Sources */ = {isa = PBXBuildFile; fileRef = 9CF7208824BDA1C800C7313B /* CategoryViewController.swift */; };
		9CF7208D24BDB46000C7313B /* Item.swift in Sources */ = {isa = PBXBuildFile; fileRef = 9CF7208C24BDB46000C7313B /* Item.swift */; };
		9CF7208F24BDB46800C7313B /* Category.swift in Sources */ = {isa = PBXBuildFile; fileRef = 9CF7208E24BDB46800C7313B /* Category.swift */; };
		9CF7209124BDD4AD00C7313B /* SwipeTableViewController.swift in Sources */ = {isa = PBXBuildFile; fileRef = 9CF7209024BDD4AD00C7313B /* SwipeTableViewController.swift */; };
/* End PBXBuildFile section */

/* Begin PBXFileReference section */
		2FA5CF1E95C0DBF01B047D16 /* Pods_Todoey.framework */ = {isa = PBXFileReference; explicitFileType = wrapper.framework; includeInIndex = 0; path = Pods_Todoey.framework; sourceTree = BUILT_PRODUCTS_DIR; };
		8678DAE2A9F0B507148BDA82 /* Pods-Todoey.release.xcconfig */ = {isa = PBXFileReference; includeInIndex = 1; lastKnownFileType = text.xcconfig; name = "Pods-Todoey.release.xcconfig"; path = "Target Support Files/Pods-Todoey/Pods-Todoey.release.xcconfig"; sourceTree = "<group>"; };
		9CF7204424BD514200C7313B /* Todoey.app */ = {isa = PBXFileReference; explicitFileType = wrapper.application; includeInIndex = 0; path = Todoey.app; sourceTree = BUILT_PRODUCTS_DIR; };
		9CF7204724BD514200C7313B /* AppDelegate.swift */ = {isa = PBXFileReference; lastKnownFileType = sourcecode.swift; path = AppDelegate.swift; sourceTree = "<group>"; };
		9CF7204924BD514200C7313B /* SceneDelegate.swift */ = {isa = PBXFileReference; lastKnownFileType = sourcecode.swift; path = SceneDelegate.swift; sourceTree = "<group>"; };
		9CF7204E24BD514300C7313B /* Base */ = {isa = PBXFileReference; lastKnownFileType = file.storyboard; name = Base; path = Base.lproj/Main.storyboard; sourceTree = "<group>"; };
		9CF7205024BD514700C7313B /* Assets.xcassets */ = {isa = PBXFileReference; lastKnownFileType = folder.assetcatalog; path = Assets.xcassets; sourceTree = "<group>"; };
		9CF7205324BD514700C7313B /* Base */ = {isa = PBXFileReference; lastKnownFileType = file.storyboard; name = Base; path = Base.lproj/LaunchScreen.storyboard; sourceTree = "<group>"; };
		9CF7205524BD514700C7313B /* Info.plist */ = {isa = PBXFileReference; lastKnownFileType = text.plist.xml; path = Info.plist; sourceTree = "<group>"; };
		9CF7205B24BD56A400C7313B /* TodoListViewController.swift */ = {isa = PBXFileReference; lastKnownFileType = sourcecode.swift; path = TodoListViewController.swift; sourceTree = "<group>"; };
		9CF7208824BDA1C800C7313B /* CategoryViewController.swift */ = {isa = PBXFileReference; lastKnownFileType = sourcecode.swift; path = CategoryViewController.swift; sourceTree = "<group>"; };
		9CF7208C24BDB46000C7313B /* Item.swift */ = {isa = PBXFileReference; lastKnownFileType = sourcecode.swift; path = Item.swift; sourceTree = "<group>"; };
		9CF7208E24BDB46800C7313B /* Category.swift */ = {isa = PBXFileReference; lastKnownFileType = sourcecode.swift; path = Category.swift; sourceTree = "<group>"; };
		9CF7209024BDD4AD00C7313B /* SwipeTableViewController.swift */ = {isa = PBXFileReference; lastKnownFileType = sourcecode.swift; path = SwipeTableViewController.swift; sourceTree = "<group>"; };
		CD394A780BB2118DD19537CB /* Pods-Todoey.debug.xcconfig */ = {isa = PBXFileReference; includeInIndex = 1; lastKnownFileType = text.xcconfig; name = "Pods-Todoey.debug.xcconfig"; path = "Target Support Files/Pods-Todoey/Pods-Todoey.debug.xcconfig"; sourceTree = "<group>"; };
/* End PBXFileReference section */

/* Begin PBXFrameworksBuildPhase section */
		9CF7204124BD514200C7313B /* Frameworks */ = {
			isa = PBXFrameworksBuildPhase;
			buildActionMask = 2147483647;
			files = (
				62ACD319FF2B159B8D349D42 /* Pods_Todoey.framework in Frameworks */,
			);
			runOnlyForDeploymentPostprocessing = 0;
		};
/* End PBXFrameworksBuildPhase section */

/* Begin PBXGroup section */
		66D2823AD2B289FEC51F49EC /* Pods */ = {
			isa = PBXGroup;
			children = (
				CD394A780BB2118DD19537CB /* Pods-Todoey.debug.xcconfig */,
				8678DAE2A9F0B507148BDA82 /* Pods-Todoey.release.xcconfig */,
			);
			path = Pods;
			sourceTree = "<group>";
		};
		9CF7203B24BD514200C7313B = {
			isa = PBXGroup;
			children = (
				9CF7204624BD514200C7313B /* Todoey */,
				9CF7204524BD514200C7313B /* Products */,
				66D2823AD2B289FEC51F49EC /* Pods */,
				EE87F83DBE5F24DD5C8F7D93 /* Frameworks */,
			);
			sourceTree = "<group>";
		};
		9CF7204524BD514200C7313B /* Products */ = {
			isa = PBXGroup;
			children = (
				9CF7204424BD514200C7313B /* Todoey.app */,
			);
			name = Products;
			sourceTree = "<group>";
		};
		9CF7204624BD514200C7313B /* Todoey */ = {
			isa = PBXGroup;
			children = (
				9CF7204724BD514200C7313B /* AppDelegate.swift */,
				9CF7204924BD514200C7313B /* SceneDelegate.swift */,
				9CF7206124BD6F1700C7313B /* Views */,
				9CF7205024BD514700C7313B /* Assets.xcassets */,
				9CF7205224BD514700C7313B /* LaunchScreen.storyboard */,
				9CF7205524BD514700C7313B /* Info.plist */,
				9CF7206024BD6F0D00C7313B /* Controllers */,
				9CF7205F24BD6EFC00C7313B /* Data Model */,
			);
			path = Todoey;
			sourceTree = "<group>";
		};
		9CF7205F24BD6EFC00C7313B /* Data Model */ = {
			isa = PBXGroup;
			children = (
				9CF7208C24BDB46000C7313B /* Item.swift */,
				9CF7208E24BDB46800C7313B /* Category.swift */,
			);
			path = "Data Model";
			sourceTree = "<group>";
		};
		9CF7206024BD6F0D00C7313B /* Controllers */ = {
			isa = PBXGroup;
			children = (
				9CF7208824BDA1C800C7313B /* CategoryViewController.swift */,
				9CF7205B24BD56A400C7313B /* TodoListViewController.swift */,
				9CF7209024BDD4AD00C7313B /* SwipeTableViewController.swift */,
			);
			path = Controllers;
			sourceTree = "<group>";
		};
		9CF7206124BD6F1700C7313B /* Views */ = {
			isa = PBXGroup;
			children = (
				9CF7204D24BD514300C7313B /* Main.storyboard */,
			);
			path = Views;
			sourceTree = "<group>";
		};
		EE87F83DBE5F24DD5C8F7D93 /* Frameworks */ = {
			isa = PBXGroup;
			children = (
				2FA5CF1E95C0DBF01B047D16 /* Pods_Todoey.framework */,
			);
			name = Frameworks;
			sourceTree = "<group>";
		};
/* End PBXGroup section */

/* Begin PBXNativeTarget section */
		9CF7204324BD514200C7313B /* Todoey */ = {
			isa = PBXNativeTarget;
			buildConfigurationList = 9CF7205824BD514700C7313B /* Build configuration list for PBXNativeTarget "Todoey" */;
			buildPhases = (
				3DA838983B1ECBA570B43334 /* [CP] Check Pods Manifest.lock */,
				9CF7204024BD514200C7313B /* Sources */,
				9CF7204124BD514200C7313B /* Frameworks */,
				9CF7204224BD514200C7313B /* Resources */,
				B3CEA5ED7C35BEFE5E00D4D5 /* [CP] Embed Pods Frameworks */,
			);
			buildRules = (
			);
			dependencies = (
			);
			name = Todoey;
			productName = Todoey;
			productReference = 9CF7204424BD514200C7313B /* Todoey.app */;
			productType = "com.apple.product-type.application";
		};
/* End PBXNativeTarget section */

/* Begin PBXProject section */
		9CF7203C24BD514200C7313B /* Project object */ = {
			isa = PBXProject;
			attributes = {
				LastSwiftUpdateCheck = 1150;
				LastUpgradeCheck = 1150;
				ORGANIZATIONNAME = Winson;
				TargetAttributes = {
					9CF7204324BD514200C7313B = {
						CreatedOnToolsVersion = 11.5;
					};
				};
			};
			buildConfigurationList = 9CF7203F24BD514200C7313B /* Build configuration list for PBXProject "Todoey" */;
			compatibilityVersion = "Xcode 9.3";
			developmentRegion = en;
			hasScannedForEncodings = 0;
			knownRegions = (
				en,
				Base,
			);
			mainGroup = 9CF7203B24BD514200C7313B;
			productRefGroup = 9CF7204524BD514200C7313B /* Products */;
			projectDirPath = "";
			projectRoot = "";
			targets = (
				9CF7204324BD514200C7313B /* Todoey */,
			);
		};
/* End PBXProject section */

/* Begin PBXResourcesBuildPhase section */
		9CF7204224BD514200C7313B /* Resources */ = {
			isa = PBXResourcesBuildPhase;
			buildActionMask = 2147483647;
			files = (
				9CF7205424BD514700C7313B /* LaunchScreen.storyboard in Resources */,
				9CF7205124BD514700C7313B /* Assets.xcassets in Resources */,
				9CF7204F24BD514300C7313B /* Main.storyboard in Resources */,
			);
			runOnlyForDeploymentPostprocessing = 0;
		};
/* End PBXResourcesBuildPhase section */

/* Begin PBXShellScriptBuildPhase section */
		3DA838983B1ECBA570B43334 /* [CP] Check Pods Manifest.lock */ = {
			isa = PBXShellScriptBuildPhase;
			buildActionMask = 2147483647;
			files = (
			);
			inputFileListPaths = (
			);
			inputPaths = (
				"${PODS_PODFILE_DIR_PATH}/Podfile.lock",
				"${PODS_ROOT}/Manifest.lock",
			);
			name = "[CP] Check Pods Manifest.lock";
			outputFileListPaths = (
			);
			outputPaths = (
				"$(DERIVED_FILE_DIR)/Pods-Todoey-checkManifestLockResult.txt",
			);
			runOnlyForDeploymentPostprocessing = 0;
			shellPath = /bin/sh;
			shellScript = "diff \"${PODS_PODFILE_DIR_PATH}/Podfile.lock\" \"${PODS_ROOT}/Manifest.lock\" > /dev/null\nif [ $? != 0 ] ; then\n    # print error to STDERR\n    echo \"error: The sandbox is not in sync with the Podfile.lock. Run 'pod install' or update your CocoaPods installation.\" >&2\n    exit 1\nfi\n# This output is used by Xcode 'outputs' to avoid re-running this script phase.\necho \"SUCCESS\" > \"${SCRIPT_OUTPUT_FILE_0}\"\n";
			showEnvVarsInLog = 0;
		};
		B3CEA5ED7C35BEFE5E00D4D5 /* [CP] Embed Pods Frameworks */ = {
			isa = PBXShellScriptBuildPhase;
			buildActionMask = 2147483647;
			files = (
			);
			inputFileListPaths = (
				"${PODS_ROOT}/Target Support Files/Pods-Todoey/Pods-Todoey-frameworks-${CONFIGURATION}-input-files.xcfilelist",
			);
			name = "[CP] Embed Pods Frameworks";
			outputFileListPaths = (
				"${PODS_ROOT}/Target Support Files/Pods-Todoey/Pods-Todoey-frameworks-${CONFIGURATION}-output-files.xcfilelist",
			);
			runOnlyForDeploymentPostprocessing = 0;
			shellPath = /bin/sh;
			shellScript = "\"${PODS_ROOT}/Target Support Files/Pods-Todoey/Pods-Todoey-frameworks.sh\"\n";
			showEnvVarsInLog = 0;
		};
/* End PBXShellScriptBuildPhase section */

/* Begin PBXSourcesBuildPhase section */
		9CF7204024BD514200C7313B /* Sources */ = {
			isa = PBXSourcesBuildPhase;
			buildActionMask = 2147483647;
			files = (
				9CF7208924BDA1C800C7313B /* CategoryViewController.swift in Sources */,
				9CF7205C24BD56A400C7313B /* TodoListViewController.swift in Sources */,
				9CF7204824BD514200C7313B /* AppDelegate.swift in Sources */,
				9CF7209124BDD4AD00C7313B /* SwipeTableViewController.swift in Sources */,
				9CF7208D24BDB46000C7313B /* Item.swift in Sources */,
				9CF7204A24BD514200C7313B /* SceneDelegate.swift in Sources */,
				9CF7208F24BDB46800C7313B /* Category.swift in Sources */,
			);
			runOnlyForDeploymentPostprocessing = 0;
		};
/* End PBXSourcesBuildPhase section */

/* Begin PBXVariantGroup section */
		9CF7204D24BD514300C7313B /* Main.storyboard */ = {
			isa = PBXVariantGroup;
			children = (
				9CF7204E24BD514300C7313B /* Base */,
			);
			name = Main.storyboard;
			sourceTree = "<group>";
		};
		9CF7205224BD514700C7313B /* LaunchScreen.storyboard */ = {
			isa = PBXVariantGroup;
			children = (
				9CF7205324BD514700C7313B /* Base */,
			);
			name = LaunchScreen.storyboard;
			sourceTree = "<group>";
		};
/* End PBXVariantGroup section */

/* Begin XCBuildConfiguration section */
		9CF7205624BD514700C7313B /* Debug */ = {
			isa = XCBuildConfiguration;
			buildSettings = {
				ALWAYS_SEARCH_USER_PATHS = NO;
				CLANG_ANALYZER_NONNULL = YES;
				CLANG_ANALYZER_NUMBER_OBJECT_CONVERSION = YES_AGGRESSIVE;
				CLANG_CXX_LANGUAGE_STANDARD = "gnu++14";
				CLANG_CXX_LIBRARY = "libc++";
				CLANG_ENABLE_MODULES = YES;
				CLANG_ENABLE_OBJC_ARC = YES;
				CLANG_ENABLE_OBJC_WEAK = YES;
				CLANG_WARN_BLOCK_CAPTURE_AUTORELEASING = YES;
				CLANG_WARN_BOOL_CONVERSION = YES;
				CLANG_WARN_COMMA = YES;
				CLANG_WARN_CONSTANT_CONVERSION = YES;
				CLANG_WARN_DEPRECATED_OBJC_IMPLEMENTATIONS = YES;
				CLANG_WARN_DIRECT_OBJC_ISA_USAGE = YES_ERROR;
				CLANG_WARN_DOCUMENTATION_COMMENTS = YES;
				CLANG_WARN_EMPTY_BODY = YES;
				CLANG_WARN_ENUM_CONVERSION = YES;
				CLANG_WARN_INFINITE_RECURSION = YES;
				CLANG_WARN_INT_CONVERSION = YES;
				CLANG_WARN_NON_LITERAL_NULL_CONVERSION = YES;
				CLANG_WARN_OBJC_IMPLICIT_RETAIN_SELF = YES;
				CLANG_WARN_OBJC_LITERAL_CONVERSION = YES;
				CLANG_WARN_OBJC_ROOT_CLASS = YES_ERROR;
				CLANG_WARN_RANGE_LOOP_ANALYSIS = YES;
				CLANG_WARN_STRICT_PROTOTYPES = YES;
				CLANG_WARN_SUSPICIOUS_MOVE = YES;
				CLANG_WARN_UNGUARDED_AVAILABILITY = YES_AGGRESSIVE;
				CLANG_WARN_UNREACHABLE_CODE = YES;
				CLANG_WARN__DUPLICATE_METHOD_MATCH = YES;
				COPY_PHASE_STRIP = NO;
				DEBUG_INFORMATION_FORMAT = dwarf;
				ENABLE_STRICT_OBJC_MSGSEND = YES;
				ENABLE_TESTABILITY = YES;
				GCC_C_LANGUAGE_STANDARD = gnu11;
				GCC_DYNAMIC_NO_PIC = NO;
				GCC_NO_COMMON_BLOCKS = YES;
				GCC_OPTIMIZATION_LEVEL = 0;
				GCC_PREPROCESSOR_DEFINITIONS = (
					"DEBUG=1",
					"$(inherited)",
				);
				GCC_WARN_64_TO_32_BIT_CONVERSION = YES;
				GCC_WARN_ABOUT_RETURN_TYPE = YES_ERROR;
				GCC_WARN_UNDECLARED_SELECTOR = YES;
				GCC_WARN_UNINITIALIZED_AUTOS = YES_AGGRESSIVE;
				GCC_WARN_UNUSED_FUNCTION = YES;
				GCC_WARN_UNUSED_VARIABLE = YES;
				IPHONEOS_DEPLOYMENT_TARGET = 13.5;
				MTL_ENABLE_DEBUG_INFO = INCLUDE_SOURCE;
				MTL_FAST_MATH = YES;
				ONLY_ACTIVE_ARCH = YES;
				SDKROOT = iphoneos;
				SWIFT_ACTIVE_COMPILATION_CONDITIONS = DEBUG;
				SWIFT_OPTIMIZATION_LEVEL = "-Onone";
			};
			name = Debug;
		};
		9CF7205724BD514700C7313B /* Release */ = {
			isa = XCBuildConfiguration;
			buildSettings = {
				ALWAYS_SEARCH_USER_PATHS = NO;
				CLANG_ANALYZER_NONNULL = YES;
				CLANG_ANALYZER_NUMBER_OBJECT_CONVERSION = YES_AGGRESSIVE;
				CLANG_CXX_LANGUAGE_STANDARD = "gnu++14";
				CLANG_CXX_LIBRARY = "libc++";
				CLANG_ENABLE_MODULES = YES;
				CLANG_ENABLE_OBJC_ARC = YES;
				CLANG_ENABLE_OBJC_WEAK = YES;
				CLANG_WARN_BLOCK_CAPTURE_AUTORELEASING = YES;
				CLANG_WARN_BOOL_CONVERSION = YES;
				CLANG_WARN_COMMA = YES;
				CLANG_WARN_CONSTANT_CONVERSION = YES;
				CLANG_WARN_DEPRECATED_OBJC_IMPLEMENTATIONS = YES;
				CLANG_WARN_DIRECT_OBJC_ISA_USAGE = YES_ERROR;
				CLANG_WARN_DOCUMENTATION_COMMENTS = YES;
				CLANG_WARN_EMPTY_BODY = YES;
				CLANG_WARN_ENUM_CONVERSION = YES;
				CLANG_WARN_INFINITE_RECURSION = YES;
				CLANG_WARN_INT_CONVERSION = YES;
				CLANG_WARN_NON_LITERAL_NULL_CONVERSION = YES;
				CLANG_WARN_OBJC_IMPLICIT_RETAIN_SELF = YES;
				CLANG_WARN_OBJC_LITERAL_CONVERSION = YES;
				CLANG_WARN_OBJC_ROOT_CLASS = YES_ERROR;
				CLANG_WARN_RANGE_LOOP_ANALYSIS = YES;
				CLANG_WARN_STRICT_PROTOTYPES = YES;
				CLANG_WARN_SUSPICIOUS_MOVE = YES;
				CLANG_WARN_UNGUARDED_AVAILABILITY = YES_AGGRESSIVE;
				CLANG_WARN_UNREACHABLE_CODE = YES;
				CLANG_WARN__DUPLICATE_METHOD_MATCH = YES;
				COPY_PHASE_STRIP = NO;
				DEBUG_INFORMATION_FORMAT = "dwarf-with-dsym";
				ENABLE_NS_ASSERTIONS = NO;
				ENABLE_STRICT_OBJC_MSGSEND = YES;
				GCC_C_LANGUAGE_STANDARD = gnu11;
				GCC_NO_COMMON_BLOCKS = YES;
				GCC_WARN_64_TO_32_BIT_CONVERSION = YES;
				GCC_WARN_ABOUT_RETURN_TYPE = YES_ERROR;
				GCC_WARN_UNDECLARED_SELECTOR = YES;
				GCC_WARN_UNINITIALIZED_AUTOS = YES_AGGRESSIVE;
				GCC_WARN_UNUSED_FUNCTION = YES;
				GCC_WARN_UNUSED_VARIABLE = YES;
				IPHONEOS_DEPLOYMENT_TARGET = 13.5;
				MTL_ENABLE_DEBUG_INFO = NO;
				MTL_FAST_MATH = YES;
				SDKROOT = iphoneos;
				SWIFT_COMPILATION_MODE = wholemodule;
				SWIFT_OPTIMIZATION_LEVEL = "-O";
				VALIDATE_PRODUCT = YES;
			};
			name = Release;
		};
		9CF7205924BD514700C7313B /* Debug */ = {
			isa = XCBuildConfiguration;
			baseConfigurationReference = CD394A780BB2118DD19537CB /* Pods-Todoey.debug.xcconfig */;
			buildSettings = {
				ASSETCATALOG_COMPILER_APPICON_NAME = AppIcon;
				CODE_SIGN_STYLE = Automatic;
				INFOPLIST_FILE = Todoey/Info.plist;
				IPHONEOS_DEPLOYMENT_TARGET = 13.0;
				LD_RUNPATH_SEARCH_PATHS = (
					"$(inherited)",
					"@executable_path/Frameworks",
				);
				PRODUCT_BUNDLE_IDENTIFIER = code.winson.Todoey;
				PRODUCT_NAME = "$(TARGET_NAME)";
				SWIFT_VERSION = 5.0;
				TARGETED_DEVICE_FAMILY = "1,2";
			};
			name = Debug;
		};
		9CF7205A24BD514700C7313B /* Release */ = {
			isa = XCBuildConfiguration;
			baseConfigurationReference = 8678DAE2A9F0B507148BDA82 /* Pods-Todoey.release.xcconfig */;
			buildSettings = {
				ASSETCATALOG_COMPILER_APPICON_NAME = AppIcon;
				CODE_SIGN_STYLE = Automatic;
				INFOPLIST_FILE = Todoey/Info.plist;
				IPHONEOS_DEPLOYMENT_TARGET = 13.0;
				LD_RUNPATH_SEARCH_PATHS = (
					"$(inherited)",
					"@executable_path/Frameworks",
				);
				PRODUCT_BUNDLE_IDENTIFIER = code.winson.Todoey;
				PRODUCT_NAME = "$(TARGET_NAME)";
				SWIFT_VERSION = 5.0;
				TARGETED_DEVICE_FAMILY = "1,2";
			};
			name = Release;
		};
/* End XCBuildConfiguration section */

/* Begin XCConfigurationList section */
		9CF7203F24BD514200C7313B /* Build configuration list for PBXProject "Todoey" */ = {
			isa = XCConfigurationList;
			buildConfigurations = (
				9CF7205624BD514700C7313B /* Debug */,
				9CF7205724BD514700C7313B /* Release */,
			);
			defaultConfigurationIsVisible = 0;
			defaultConfigurationName = Release;
		};
		9CF7205824BD514700C7313B /* Build configuration list for PBXNativeTarget "Todoey" */ = {
			isa = XCConfigurationList;
			buildConfigurations = (
				9CF7205924BD514700C7313B /* Debug */,
				9CF7205A24BD514700C7313B /* Release */,
			);
			defaultConfigurationIsVisible = 0;
			defaultConfigurationName = Release;
		};
/* End XCConfigurationList section */
	};
	rootObject = 9CF7203C24BD514200C7313B /* Project object */;
}
